// !$*UTF8*$!
{
	archiveVersion = 1;
	classes = {
	};
	objectVersion = 46;
	objects = {

/* Begin PBXBuildFile section */
		B1CA143819FD4750005ADE79 /* AppDelegate.swift in Sources */ = {isa = PBXBuildFile; fileRef = B1CA143719FD4750005ADE79 /* AppDelegate.swift */; };
		B1CA143A19FD4750005ADE79 /* ViewController.swift in Sources */ = {isa = PBXBuildFile; fileRef = B1CA143919FD4750005ADE79 /* ViewController.swift */; };
		B1CA143D19FD4750005ADE79 /* Main.storyboard in Resources */ = {isa = PBXBuildFile; fileRef = B1CA143B19FD4750005ADE79 /* Main.storyboard */; };
		B1CA143F19FD4750005ADE79 /* Images.xcassets in Resources */ = {isa = PBXBuildFile; fileRef = B1CA143E19FD4750005ADE79 /* Images.xcassets */; };
		B1CA144219FD4750005ADE79 /* LaunchScreen.xib in Resources */ = {isa = PBXBuildFile; fileRef = B1CA144019FD4750005ADE79 /* LaunchScreen.xib */; };
		B1CA144E19FD4751005ADE79 /* PhotonTests.swift in Sources */ = {isa = PBXBuildFile; fileRef = B1CA144D19FD4751005ADE79 /* PhotonTests.swift */; };
/* End PBXBuildFile section */

/* Begin PBXContainerItemProxy section */
		B1CA144819FD4751005ADE79 /* PBXContainerItemProxy */ = {
			isa = PBXContainerItemProxy;
			containerPortal = B1CA142A19FD4750005ADE79 /* Project object */;
			proxyType = 1;
			remoteGlobalIDString = B1CA143119FD4750005ADE79;
			remoteInfo = Photon;
		};
/* End PBXContainerItemProxy section */

/* Begin PBXFileReference section */
		B1CA143219FD4750005ADE79 /* Photon.app */ = {isa = PBXFileReference; explicitFileType = wrapper.application; includeInIndex = 0; path = Photon.app; sourceTree = BUILT_PRODUCTS_DIR; };
		B1CA143619FD4750005ADE79 /* Info.plist */ = {isa = PBXFileReference; lastKnownFileType = text.plist.xml; path = Info.plist; sourceTree = "<group>"; };
		B1CA143719FD4750005ADE79 /* AppDelegate.swift */ = {isa = PBXFileReference; lastKnownFileType = sourcecode.swift; path = AppDelegate.swift; sourceTree = "<group>"; };
		B1CA143919FD4750005ADE79 /* ViewController.swift */ = {isa = PBXFileReference; lastKnownFileType = sourcecode.swift; path = ViewController.swift; sourceTree = "<group>"; };
		B1CA143C19FD4750005ADE79 /* Base */ = {isa = PBXFileReference; lastKnownFileType = file.storyboard; name = Base; path = Base.lproj/Main.storyboard; sourceTree = "<group>"; };
		B1CA143E19FD4750005ADE79 /* Images.xcassets */ = {isa = PBXFileReference; lastKnownFileType = folder.assetcatalog; path = Images.xcassets; sourceTree = "<group>"; };
		B1CA144119FD4750005ADE79 /* Base */ = {isa = PBXFileReference; lastKnownFileType = file.xib; name = Base; path = Base.lproj/LaunchScreen.xib; sourceTree = "<group>"; };
		B1CA144719FD4751005ADE79 /* PhotonTests.xctest */ = {isa = PBXFileReference; explicitFileType = wrapper.cfbundle; includeInIndex = 0; path = PhotonTests.xctest; sourceTree = BUILT_PRODUCTS_DIR; };
		B1CA144C19FD4751005ADE79 /* Info.plist */ = {isa = PBXFileReference; lastKnownFileType = text.plist.xml; path = Info.plist; sourceTree = "<group>"; };
		B1CA144D19FD4751005ADE79 /* PhotonTests.swift */ = {isa = PBXFileReference; lastKnownFileType = sourcecode.swift; path = PhotonTests.swift; sourceTree = "<group>"; };
/* End PBXFileReference section */

/* Begin PBXFrameworksBuildPhase section */
		B1CA142F19FD4750005ADE79 /* Frameworks */ = {
			isa = PBXFrameworksBuildPhase;
			buildActionMask = 2147483647;
			files = (
			);
			runOnlyForDeploymentPostprocessing = 0;
		};
		B1CA144419FD4751005ADE79 /* Frameworks */ = {
			isa = PBXFrameworksBuildPhase;
			buildActionMask = 2147483647;
			files = (
			);
			runOnlyForDeploymentPostprocessing = 0;
		};
/* End PBXFrameworksBuildPhase section */

/* Begin PBXGroup section */
		B1CA142919FD4750005ADE79 = {
			isa = PBXGroup;
			children = (
				B1CA143419FD4750005ADE79 /* Photon */,
				B1CA144A19FD4751005ADE79 /* PhotonTests */,
				B1CA143319FD4750005ADE79 /* Products */,
			);
			sourceTree = "<group>";
		};
		B1CA143319FD4750005ADE79 /* Products */ = {
			isa = PBXGroup;
			children = (
				B1CA143219FD4750005ADE79 /* Photon.app */,
				B1CA144719FD4751005ADE79 /* PhotonTests.xctest */,
			);
			name = Products;
			sourceTree = "<group>";
		};
		B1CA143419FD4750005ADE79 /* Photon */ = {
			isa = PBXGroup;
			children = (
				B1CA143719FD4750005ADE79 /* AppDelegate.swift */,
				B1CA143919FD4750005ADE79 /* ViewController.swift */,
				B1CA143B19FD4750005ADE79 /* Main.storyboard */,
				B1CA143E19FD4750005ADE79 /* Images.xcassets */,
				B1CA144019FD4750005ADE79 /* LaunchScreen.xib */,
				B1CA143519FD4750005ADE79 /* Supporting Files */,
			);
			path = Photon;
			sourceTree = "<group>";
		};
		B1CA143519FD4750005ADE79 /* Supporting Files */ = {
			isa = PBXGroup;
			children = (
				B1CA143619FD4750005ADE79 /* Info.plist */,
			);
			name = "Supporting Files";
			sourceTree = "<group>";
		};
		B1CA144A19FD4751005ADE79 /* PhotonTests */ = {
			isa = PBXGroup;
			children = (
				B1CA144D19FD4751005ADE79 /* PhotonTests.swift */,
				B1CA144B19FD4751005ADE79 /* Supporting Files */,
			);
			path = PhotonTests;
			sourceTree = "<group>";
		};
		B1CA144B19FD4751005ADE79 /* Supporting Files */ = {
			isa = PBXGroup;
			children = (
				B1CA144C19FD4751005ADE79 /* Info.plist */,
			);
			name = "Supporting Files";
			sourceTree = "<group>";
		};
/* End PBXGroup section */

/* Begin PBXNativeTarget section */
		B1CA143119FD4750005ADE79 /* Photon */ = {
			isa = PBXNativeTarget;
			buildConfigurationList = B1CA145119FD4751005ADE79 /* Build configuration list for PBXNativeTarget "Photon" */;
			buildPhases = (
				B1CA142E19FD4750005ADE79 /* Sources */,
				B1CA142F19FD4750005ADE79 /* Frameworks */,
				B1CA143019FD4750005ADE79 /* Resources */,
			);
			buildRules = (
			);
			dependencies = (
			);
			name = Photon;
			productName = Photon;
			productReference = B1CA143219FD4750005ADE79 /* Photon.app */;
			productType = "com.apple.product-type.application";
		};
		B1CA144619FD4751005ADE79 /* PhotonTests */ = {
			isa = PBXNativeTarget;
			buildConfigurationList = B1CA145419FD4751005ADE79 /* Build configuration list for PBXNativeTarget "PhotonTests" */;
			buildPhases = (
				B1CA144319FD4751005ADE79 /* Sources */,
				B1CA144419FD4751005ADE79 /* Frameworks */,
				B1CA144519FD4751005ADE79 /* Resources */,
			);
			buildRules = (
			);
			dependencies = (
				B1CA144919FD4751005ADE79 /* PBXTargetDependency */,
			);
			name = PhotonTests;
			productName = PhotonTests;
			productReference = B1CA144719FD4751005ADE79 /* PhotonTests.xctest */;
			productType = "com.apple.product-type.bundle.unit-test";
		};
/* End PBXNativeTarget section */

/* Begin PBXProject section */
		B1CA142A19FD4750005ADE79 /* Project object */ = {
			isa = PBXProject;
			attributes = {
				LastUpgradeCheck = 0610;
				ORGANIZATIONNAME = "Michael Stromer";
				TargetAttributes = {
					B1CA143119FD4750005ADE79 = {
						CreatedOnToolsVersion = 6.1;
					};
					B1CA144619FD4751005ADE79 = {
						CreatedOnToolsVersion = 6.1;
						TestTargetID = B1CA143119FD4750005ADE79;
					};
				};
			};
			buildConfigurationList = B1CA142D19FD4750005ADE79 /* Build configuration list for PBXProject "Photon" */;
			compatibilityVersion = "Xcode 3.2";
			developmentRegion = English;
			hasScannedForEncodings = 0;
			knownRegions = (
				en,
				Base,
			);
			mainGroup = B1CA142919FD4750005ADE79;
			productRefGroup = B1CA143319FD4750005ADE79 /* Products */;
			projectDirPath = "";
			projectRoot = "";
			targets = (
				B1CA143119FD4750005ADE79 /* Photon */,
				B1CA144619FD4751005ADE79 /* PhotonTests */,
			);
		};
/* End PBXProject section */

/* Begin PBXResourcesBuildPhase section */
		B1CA143019FD4750005ADE79 /* Resources */ = {
			isa = PBXResourcesBuildPhase;
			buildActionMask = 2147483647;
			files = (
				B1CA143D19FD4750005ADE79 /* Main.storyboard in Resources */,
				B1CA144219FD4750005ADE79 /* LaunchScreen.xib in Resources */,
				B1CA143F19FD4750005ADE79 /* Images.xcassets in Resources */,
			);
			runOnlyForDeploymentPostprocessing = 0;
		};
		B1CA144519FD4751005ADE79 /* Resources */ = {
			isa = PBXResourcesBuildPhase;
			buildActionMask = 2147483647;
			files = (
			);
			runOnlyForDeploymentPostprocessing = 0;
		};
/* End PBXResourcesBuildPhase section */

/* Begin PBXSourcesBuildPhase section */
		B1CA142E19FD4750005ADE79 /* Sources */ = {
			isa = PBXSourcesBuildPhase;
			buildActionMask = 2147483647;
			files = (
				B1CA143A19FD4750005ADE79 /* ViewController.swift in Sources */,
				B1CA143819FD4750005ADE79 /* AppDelegate.swift in Sources */,
			);
			runOnlyForDeploymentPostprocessing = 0;
		};
		B1CA144319FD4751005ADE79 /* Sources */ = {
			isa = PBXSourcesBuildPhase;
			buildActionMask = 2147483647;
			files = (
				B1CA144E19FD4751005ADE79 /* PhotonTests.swift in Sources */,
			);
			runOnlyForDeploymentPostprocessing = 0;
		};
/* End PBXSourcesBuildPhase section */

/* Begin PBXTargetDependency section */
		B1CA144919FD4751005ADE79 /* PBXTargetDependency */ = {
			isa = PBXTargetDependency;
			target = B1CA143119FD4750005ADE79 /* Photon */;
			targetProxy = B1CA144819FD4751005ADE79 /* PBXContainerItemProxy */;
		};
/* End PBXTargetDependency section */

/* Begin PBXVariantGroup section */
		B1CA143B19FD4750005ADE79 /* Main.storyboard */ = {
			isa = PBXVariantGroup;
			children = (
				B1CA143C19FD4750005ADE79 /* Base */,
			);
			name = Main.storyboard;
			sourceTree = "<group>";
		};
		B1CA144019FD4750005ADE79 /* LaunchScreen.xib */ = {
			isa = PBXVariantGroup;
			children = (
				B1CA144119FD4750005ADE79 /* Base */,
			);
			name = LaunchScreen.xib;
			sourceTree = "<group>";
		};
/* End PBXVariantGroup section */

/* Begin XCBuildConfiguration section */
		B1CA144F19FD4751005ADE79 /* Debug */ = {
			isa = XCBuildConfiguration;
			buildSettings = {
				ALWAYS_SEARCH_USER_PATHS = NO;
				CLANG_CXX_LANGUAGE_STANDARD = "gnu++0x";
				CLANG_CXX_LIBRARY = "libc++";
				CLANG_ENABLE_MODULES = YES;
				CLANG_ENABLE_OBJC_ARC = YES;
				CLANG_WARN_BOOL_CONVERSION = YES;
				CLANG_WARN_CONSTANT_CONVERSION = YES;
				CLANG_WARN_DIRECT_OBJC_ISA_USAGE = YES_ERROR;
				CLANG_WARN_EMPTY_BODY = YES;
				CLANG_WARN_ENUM_CONVERSION = YES;
				CLANG_WARN_INT_CONVERSION = YES;
				CLANG_WARN_OBJC_ROOT_CLASS = YES_ERROR;
				CLANG_WARN_UNREACHABLE_CODE = YES;
				CLANG_WARN__DUPLICATE_METHOD_MATCH = YES;
				"CODE_SIGN_IDENTITY[sdk=iphoneos*]" = "iPhone Developer";
				COPY_PHASE_STRIP = NO;
				ENABLE_STRICT_OBJC_MSGSEND = YES;
				GCC_C_LANGUAGE_STANDARD = gnu99;
				GCC_DYNAMIC_NO_PIC = NO;
				GCC_OPTIMIZATION_LEVEL = 0;
				GCC_PREPROCESSOR_DEFINITIONS = (
					"DEBUG=1",
					"$(inherited)",
				);
				GCC_SYMBOLS_PRIVATE_EXTERN = NO;
				GCC_WARN_64_TO_32_BIT_CONVERSION = YES;
				GCC_WARN_ABOUT_RETURN_TYPE = YES_ERROR;
				GCC_WARN_UNDECLARED_SELECTOR = YES;
				GCC_WARN_UNINITIALIZED_AUTOS = YES_AGGRESSIVE;
				GCC_WARN_UNUSED_FUNCTION = YES;
				GCC_WARN_UNUSED_VARIABLE = YES;
				IPHONEOS_DEPLOYMENT_TARGET = 8.1;
				MTL_ENABLE_DEBUG_INFO = YES;
				ONLY_ACTIVE_ARCH = YES;
				SDKROOT = iphoneos;
				SWIFT_OPTIMIZATION_LEVEL = "-Onone";
			};
			name = Debug;
		};
		B1CA145019FD4751005ADE79 /* Release */ = {
			isa = XCBuildConfiguration;
			buildSettings = {
				ALWAYS_SEARCH_USER_PATHS = NO;
				CLANG_CXX_LANGUAGE_STANDARD = "gnu++0x";
				CLANG_CXX_LIBRARY = "libc++";
				CLANG_ENABLE_MODULES = YES;
				CLANG_ENABLE_OBJC_ARC = YES;
				CLANG_WARN_BOOL_CONVERSION = YES;
				CLANG_WARN_CONSTANT_CONVERSION = YES;
				CLANG_WARN_DIRECT_OBJC_ISA_USAGE = YES_ERROR;
				CLANG_WARN_EMPTY_BODY = YES;
				CLANG_WARN_ENUM_CONVERSION = YES;
				CLANG_WARN_INT_CONVERSION = YES;
				CLANG_WARN_OBJC_ROOT_CLASS = YES_ERROR;
				CLANG_WARN_UNREACHABLE_CODE = YES;
				CLANG_WARN__DUPLICATE_METHOD_MATCH = YES;
				"CODE_SIGN_IDENTITY[sdk=iphoneos*]" = "iPhone Developer";
				COPY_PHASE_STRIP = YES;
				ENABLE_NS_ASSERTIONS = NO;
				ENABLE_STRICT_OBJC_MSGSEND = YES;
				GCC_C_LANGUAGE_STANDARD = gnu99;
				GCC_WARN_64_TO_32_BIT_CONVERSION = YES;
				GCC_WARN_ABOUT_RETURN_TYPE = YES_ERROR;
				GCC_WARN_UNDECLARED_SELECTOR = YES;
				GCC_WARN_UNINITIALIZED_AUTOS = YES_AGGRESSIVE;
				GCC_WARN_UNUSED_FUNCTION = YES;
				GCC_WARN_UNUSED_VARIABLE = YES;
				IPHONEOS_DEPLOYMENT_TARGET = 8.1;
				MTL_ENABLE_DEBUG_INFO = NO;
				SDKROOT = iphoneos;
				VALIDATE_PRODUCT = YES;
			};
			name = Release;
		};
		B1CA145219FD4751005ADE79 /* Debug */ = {
			isa = XCBuildConfiguration;
			buildSettings = {
				ASSETCATALOG_COMPILER_APPICON_NAME = AppIcon;
				INFOPLIST_FILE = Photon/Info.plist;
				LD_RUNPATH_SEARCH_PATHS = "$(inherited) @executable_path/Frameworks";
				PRODUCT_NAME = "$(TARGET_NAME)";
			};
			name = Debug;
		};
		B1CA145319FD4751005ADE79 /* Release */ = {
			isa = XCBuildConfiguration;
			buildSettings = {
				ASSETCATALOG_COMPILER_APPICON_NAME = AppIcon;
				INFOPLIST_FILE = Photon/Info.plist;
				LD_RUNPATH_SEARCH_PATHS = "$(inherited) @executable_path/Frameworks";
				PRODUCT_NAME = "$(TARGET_NAME)";
			};
			name = Release;
		};
		B1CA145519FD4751005ADE79 /* Debug */ = {
			isa = XCBuildConfiguration;
			buildSettings = {
				BUNDLE_LOADER = "$(TEST_HOST)";
				FRAMEWORK_SEARCH_PATHS = (
					"$(SDKROOT)/Developer/Library/Frameworks",
					"$(inherited)",
				);
				GCC_PREPROCESSOR_DEFINITIONS = (
					"DEBUG=1",
					"$(inherited)",
				);
				INFOPLIST_FILE = PhotonTests/Info.plist;
				LD_RUNPATH_SEARCH_PATHS = "$(inherited) @executable_path/Frameworks @loader_path/Frameworks";
				PRODUCT_NAME = "$(TARGET_NAME)";
				TEST_HOST = "$(BUILT_PRODUCTS_DIR)/Photon.app/Photon";
			};
			name = Debug;
		};
		B1CA145619FD4751005ADE79 /* Release */ = {
			isa = XCBuildConfiguration;
			buildSettings = {
				BUNDLE_LOADER = "$(TEST_HOST)";
				FRAMEWORK_SEARCH_PATHS = (
					"$(SDKROOT)/Developer/Library/Frameworks",
					"$(inherited)",
				);
				INFOPLIST_FILE = PhotonTests/Info.plist;
				LD_RUNPATH_SEARCH_PATHS = "$(inherited) @executable_path/Frameworks @loader_path/Frameworks";
				PRODUCT_NAME = "$(TARGET_NAME)";
				TEST_HOST = "$(BUILT_PRODUCTS_DIR)/Photon.app/Photon";
			};
			name = Release;
		};
/* End XCBuildConfiguration section */

/* Begin XCConfigurationList section */
		B1CA142D19FD4750005ADE79 /* Build configuration list for PBXProject "Photon" */ = {
			isa = XCConfigurationList;
			buildConfigurations = (
				B1CA144F19FD4751005ADE79 /* Debug */,
				B1CA145019FD4751005ADE79 /* Release */,
			);
			defaultConfigurationIsVisible = 0;
			defaultConfigurationName = Release;
		};
		B1CA145119FD4751005ADE79 /* Build configuration list for PBXNativeTarget "Photon" */ = {
			isa = XCConfigurationList;
			buildConfigurations = (
				B1CA145219FD4751005ADE79 /* Debug */,
				B1CA145319FD4751005ADE79 /* Release */,
			);
			defaultConfigurationIsVisible = 0;
		};
		B1CA145419FD4751005ADE79 /* Build configuration list for PBXNativeTarget "PhotonTests" */ = {
			isa = XCConfigurationList;
			buildConfigurations = (
				B1CA145519FD4751005ADE79 /* Debug */,
				B1CA145619FD4751005ADE79 /* Release */,
			);
			defaultConfigurationIsVisible = 0;
		};
/* End XCConfigurationList section */
	};
	rootObject = B1CA142A19FD4750005ADE79 /* Project object */;
}
